<?xml version="1.0" encoding="utf-8"?>
<Project ToolsVersion="4.0" xmlns="http://schemas.microsoft.com/developer/msbuild/2003">
  <ItemGroup>
    <Filter Include="源文件">
      <UniqueIdentifier>{4FC737F1-C7A5-4376-A066-2A32D752A2FF}</UniqueIdentifier>
      <Extensions>cpp;c;cc;cxx;c++;cppm;ixx;def;odl;idl;hpj;bat;asm;asmx</Extensions>
    </Filter>
    <Filter Include="头文件">
      <UniqueIdentifier>{93995380-89BD-4b04-88EB-625FBE52EBFB}</UniqueIdentifier>
      <Extensions>h;hh;hpp;hxx;h++;hm;inl;inc;ipp;xsd</Extensions>
    </Filter>
    <Filter Include="资源文件">
      <UniqueIdentifier>{67DA6AB6-F800-4c08-8B7A-83BB121AAD01}</UniqueIdentifier>
      <Extensions>rc;ico;cur;bmp;dlg;rc2;rct;bin;rgs;gif;jpg;jpeg;jpe;resx;tiff;tif;png;wav;mfcribbon-ms</Extensions>
    </Filter>
    <Filter Include="xcgui">
      <UniqueIdentifier>{3364995f-7f65-4fee-a249-3198265897b3}</UniqueIdentifier>
    </Filter>
  </ItemGroup>
  <ItemGroup>
    <ClInclude Include="framework.h">
      <Filter>头文件</Filter>
    </ClInclude>
    <ClInclude Include="pch.h">
      <Filter>头文件</Filter>
    </ClInclude>
    <ClInclude Include="xcgui\XCObjectUI.hpp">
      <Filter>头文件</Filter>
    </ClInclude>
    <ClInclude Include="xcgui\XCWidget.hpp">
      <Filter>头文件</Filter>
    </ClInclude>
    <ClInclude Include="xcgui\window\XCWindow.hpp">
      <Filter>头文件</Filter>
    </ClInclude>
    <ClInclude Include="xcgui\XCApp.hpp">
      <Filter>头文件</Filter>
    </ClInclude>
    <ClInclude Include="binding\XApp.hpp">
      <Filter>头文件</Filter>
    </ClInclude>
    <ClInclude Include="binding\XWidget.hpp">
      <Filter>头文件</Filter>
    </ClInclude>
    <ClInclude Include="binding\window\XWindow.hpp">
      <Filter>头文件</Filter>
    </ClInclude>
    <ClInclude Include="binding\XEnum.hpp">
      <Filter>头文件</Filter>
    </ClInclude>
    <ClInclude Include="binding\XStruct.hpp">
      <Filter>头文件</Filter>
    </ClInclude>
    <ClInclude Include="xcgui\XCStruct.hpp">
      <Filter>头文件</Filter>
    </ClInclude>
    <ClInclude Include="binding\XObjectUI.hpp">
      <Filter>头文件</Filter>
    </ClInclude>
    <ClInclude Include="xcgui\XCElement.hpp">
      <Filter>头文件</Filter>
    </ClInclude>
    <ClInclude Include="xcgui\XCDraw.hpp">
      <Filter>头文件</Filter>
    </ClInclude>
    <ClInclude Include="xcgui\XCCastManager.hpp">
      <Filter>头文件</Filter>
    </ClInclude>
    <ClInclude Include="xcgui\XCObject.hpp">
      <Filter>头文件</Filter>
    </ClInclude>
    <ClInclude Include="binding\XObject.hpp">
      <Filter>头文件</Filter>
    </ClInclude>
    <ClInclude Include="xcgui\bkmanager\XCBkManager.hpp">
      <Filter>头文件</Filter>
    </ClInclude>
    <ClInclude Include="xcgui.h">
      <Filter>头文件</Filter>
    </ClInclude>
    <ClInclude Include="binding\manager\XEventManager.hpp">
      <Filter>头文件</Filter>
    </ClInclude>
    <ClInclude Include="xcgui\XCImage.hpp">
      <Filter>头文件</Filter>
    </ClInclude>
    <ClInclude Include="binding\XImage.hpp">
      <Filter>头文件</Filter>
    </ClInclude>
    <ClInclude Include="xcgui\XCFont.hpp">
      <Filter>头文件</Filter>
    </ClInclude>
    <ClInclude Include="binding\XElement.hpp">
      <Filter>头文件</Filter>
    </ClInclude>
    <ClInclude Include="binding\manager\XUserDataManager.hpp">
      <Filter>头文件</Filter>
    </ClInclude>
    <ClInclude Include="xcgui\element\XCButton.hpp">
      <Filter>头文件</Filter>
    </ClInclude>
    <ClInclude Include="binding\element\XButton.hpp">
      <Filter>头文件</Filter>
    </ClInclude>
    <ClInclude Include="xcgui\XCSvg.hpp">
      <Filter>头文件</Filter>
    </ClInclude>
    <ClInclude Include="binding\XImageSrc.hpp">
      <Filter>头文件</Filter>
    </ClInclude>
    <ClInclude Include="binding\XFont.hpp">
      <Filter>头文件</Filter>
    </ClInclude>
    <ClInclude Include="binding\XSvg.hpp">
      <Filter>头文件</Filter>
    </ClInclude>
    <ClInclude Include="binding\XDraw.hpp">
      <Filter>头文件</Filter>
    </ClInclude>
    <ClInclude Include="binding\bkmanager\XBkManager.hpp">
      <Filter>头文件</Filter>
    </ClInclude>
    <ClInclude Include="binding\manager\XCastManager.hpp">
      <Filter>头文件</Filter>
    </ClInclude>
    <ClInclude Include="binding\XGlobal.hpp">
      <Filter>头文件</Filter>
    </ClInclude>
    <ClInclude Include="xcgui\utils\Color.hpp">
      <Filter>头文件</Filter>
    </ClInclude>
    <ClInclude Include="xcgui\XCLayoutBox.hpp">
      <Filter>头文件</Filter>
    </ClInclude>
    <ClInclude Include="binding\XLayoutBox.hpp">
      <Filter>头文件</Filter>
    </ClInclude>
    <ClInclude Include="xcgui\bkmanager\XCBkObject.hpp">
      <Filter>头文件</Filter>
    </ClInclude>
    <ClInclude Include="binding\bkmanager\XBkObject.hpp">
      <Filter>头文件</Filter>
    </ClInclude>
    <ClInclude Include="binding\XResource.hpp">
      <Filter>头文件</Filter>
    </ClInclude>
    <ClInclude Include="binding\manager\XCallbackManager.hpp">
      <Filter>头文件</Filter>
    </ClInclude>
    <ClInclude Include="xcgui\menu\XCMenu.hpp">
      <Filter>头文件</Filter>
    </ClInclude>
    <ClInclude Include="binding\menu\XMenu.hpp">
      <Filter>头文件</Filter>
    </ClInclude>
    <ClInclude Include="binding\manager\XMainThreadManager.hpp">
      <Filter>头文件</Filter>
    </ClInclude>
    <ClInclude Include="xcgui\XCDesigner.hpp">
      <Filter>头文件</Filter>
    </ClInclude>
    <ClInclude Include="binding\XDesigner.hpp">
      <Filter>头文件</Filter>
    </ClInclude>
    <ClInclude Include="xcgui\window\XCFrameWindow.hpp">
      <Filter>头文件</Filter>
    </ClInclude>
    <ClInclude Include="binding\window\XFrameWindow.hpp">
      <Filter>头文件</Filter>
    </ClInclude>
    <ClInclude Include="binding\window\XModelWindow.hpp">
      <Filter>头文件</Filter>
    </ClInclude>
    <ClInclude Include="xcgui\adapter\XCAdapter.hpp">
      <Filter>头文件</Filter>
    </ClInclude>
    <ClInclude Include="xcgui\adapter\XCAdapterTree.hpp">
      <Filter>头文件</Filter>
    </ClInclude>
    <ClInclude Include="xcgui\adapter\XCAdapterMap.hpp">
      <Filter>头文件</Filter>
    </ClInclude>
    <ClInclude Include="xcgui\adapter\XCAdapterTable.hpp">
      <Filter>头文件</Filter>
    </ClInclude>
    <ClInclude Include="xcgui\adapter\XCAdapterListView.hpp">
      <Filter>头文件</Filter>
    </ClInclude>
    <ClInclude Include="binding\adapter\XAdapter.hpp">
      <Filter>头文件</Filter>
    </ClInclude>
    <ClInclude Include="binding\adapter\XAdapterTree.hpp">
      <Filter>头文件</Filter>
    </ClInclude>
    <ClInclude Include="binding\adapter\XAdapterTable.hpp">
      <Filter>头文件</Filter>
    </ClInclude>
    <ClInclude Include="binding\adapter\XAdapterMap.hpp">
      <Filter>头文件</Filter>
    </ClInclude>
    <ClInclude Include="binding\adapter\XAdapterListView.hpp">
      <Filter>头文件</Filter>
    </ClInclude>
    <ClInclude Include="xcgui\element\XCTextLink.hpp">
      <Filter>头文件</Filter>
    </ClInclude>
    <ClInclude Include="binding\element\XTextLink.hpp">
      <Filter>头文件</Filter>
    </ClInclude>
    <ClInclude Include="xcgui\element\XCDateTime.hpp">
      <Filter>头文件</Filter>
    </ClInclude>
    <ClInclude Include="binding\element\XDateTime.hpp">
      <Filter>头文件</Filter>
    </ClInclude>
    <ClInclude Include="xcgui\element\XCMonthCal.hpp">
      <Filter>头文件</Filter>
    </ClInclude>
    <ClInclude Include="binding\element\XMonthCal.hpp">
      <Filter>头文件</Filter>
    </ClInclude>
  </ItemGroup>
  <ItemGroup>
    <ClCompile Include="dllmain.cpp">
      <Filter>源文件</Filter>
    </ClCompile>
    <ClCompile Include="pch.cpp">
      <Filter>源文件</Filter>
    </ClCompile>
    <ClCompile Include="main.cpp">
      <Filter>源文件</Filter>
    </ClCompile>
    <ClCompile Include="xcgui\XCImageSrc.hpp">
      <Filter>源文件</Filter>
    </ClCompile>
    <ClCompile Include="xcgui\XCResource.hpp">
      <Filter>源文件</Filter>
    </ClCompile>
    <ClCompile Include="xcgui\window\XCModelWindow.hpp">
      <Filter>源文件</Filter>
    </ClCompile>
  </ItemGroup>
</Project>