<?xml version="1.0" encoding="utf-8"?>
<Project ToolsVersion="4.0" xmlns="http://schemas.microsoft.com/developer/msbuild/2003">
  <ItemGroup>
    <Filter Include="源文件">
      <UniqueIdentifier>{4FC737F1-C7A5-4376-A066-2A32D752A2FF}</UniqueIdentifier>
      <Extensions>cpp;c;cc;cxx;c++;cppm;ixx;def;odl;idl;hpj;bat;asm;asmx</Extensions>
    </Filter>
    <Filter Include="头文件">
      <UniqueIdentifier>{93995380-89BD-4b04-88EB-625FBE52EBFB}</UniqueIdentifier>
      <Extensions>h;hh;hpp;hxx;h++;hm;inl;inc;ipp;xsd</Extensions>
    </Filter>
    <Filter Include="资源文件">
      <UniqueIdentifier>{67DA6AB6-F800-4c08-8B7A-83BB121AAD01}</UniqueIdentifier>
      <Extensions>rc;ico;cur;bmp;dlg;rc2;rct;bin;rgs;gif;jpg;jpeg;jpe;resx;tiff;tif;png;wav;mfcribbon-ms</Extensions>
    </Filter>
  </ItemGroup>
  <ItemGroup>
    <ClInclude Include="framework.h">
      <Filter>头文件</Filter>
    </ClInclude>
    <ClInclude Include="pch.h">
      <Filter>头文件</Filter>
    </ClInclude>
    <ClInclude Include="main.h">
      <Filter>头文件</Filter>
    </ClInclude>
    <ClInclude Include="XCApp.h">
      <Filter>头文件</Filter>
    </ClInclude>
    <ClInclude Include="XCWindow.h">
      <Filter>头文件</Filter>
    </ClInclude>
    <ClInclude Include="XCBase.h">
      <Filter>头文件</Filter>
    </ClInclude>
    <ClInclude Include="XCObjectUI.h">
      <Filter>头文件</Filter>
    </ClInclude>
    <ClInclude Include="XCWidget.h">
      <Filter>头文件</Filter>
    </ClInclude>
    <ClInclude Include="XCElement.h">
      <Filter>头文件</Filter>
    </ClInclude>
    <ClInclude Include="XCShape.h">
      <Filter>头文件</Filter>
    </ClInclude>
    <ClInclude Include="XCAdapter.h">
      <Filter>头文件</Filter>
    </ClInclude>
    <ClInclude Include="XCBkManager.h">
      <Filter>头文件</Filter>
    </ClInclude>
    <ClInclude Include="XCMenu.h">
      <Filter>头文件</Filter>
    </ClInclude>
    <ClInclude Include="XCDraw.h">
      <Filter>头文件</Filter>
    </ClInclude>
    <ClInclude Include="XCFont.h">
      <Filter>头文件</Filter>
    </ClInclude>
    <ClInclude Include="XCImage.h">
      <Filter>头文件</Filter>
    </ClInclude>
    <ClInclude Include="XCListItemTemplate.h">
      <Filter>头文件</Filter>
    </ClInclude>
    <ClInclude Include="XCResource.h">
      <Filter>头文件</Filter>
    </ClInclude>
  </ItemGroup>
  <ItemGroup>
    <ClCompile Include="dllmain.cpp">
      <Filter>源文件</Filter>
    </ClCompile>
    <ClCompile Include="pch.cpp">
      <Filter>源文件</Filter>
    </ClCompile>
    <ClCompile Include="main.cpp">
      <Filter>源文件</Filter>
    </ClCompile>
    <ClCompile Include="XCObjectUI.cpp">
      <Filter>源文件</Filter>
    </ClCompile>
    <ClCompile Include="XCWidget.cpp">
      <Filter>源文件</Filter>
    </ClCompile>
    <ClCompile Include="XCElement.cpp">
      <Filter>源文件</Filter>
    </ClCompile>
    <ClCompile Include="XCShape.cpp">
      <Filter>源文件</Filter>
    </ClCompile>
    <ClCompile Include="XCAdapter.cpp">
      <Filter>源文件</Filter>
    </ClCompile>
    <ClCompile Include="XCBkManager.cpp">
      <Filter>源文件</Filter>
    </ClCompile>
    <ClCompile Include="XCMenu.cpp">
      <Filter>源文件</Filter>
    </ClCompile>
    <ClCompile Include="XCDraw.cpp">
      <Filter>源文件</Filter>
    </ClCompile>
    <ClCompile Include="XCFont.cpp">
      <Filter>源文件</Filter>
    </ClCompile>
    <ClCompile Include="XCImage.cpp">
      <Filter>源文件</Filter>
    </ClCompile>
    <ClCompile Include="XCListItemTemplate.cpp">
      <Filter>源文件</Filter>
    </ClCompile>
    <ClCompile Include="XCResource.cpp">
      <Filter>源文件</Filter>
    </ClCompile>
    <ClCompile Include="XCApp.cpp">
      <Filter>源文件</Filter>
    </ClCompile>
    <ClCompile Include="XCBase.cpp">
      <Filter>源文件</Filter>
    </ClCompile>
    <ClCompile Include="XCWindow.cpp">
      <Filter>源文件</Filter>
    </ClCompile>
  </ItemGroup>
</Project>